
Microsoft Visual Studio Solution File, Format Version 12.00
# Visual Studio 15
VisualStudioVersion = 15.0.28307.438
MinimumVisualStudioVersion = 10.0.40219.1
Project("{FAE04EC0-301F-11D3-BF4B-00C04F79EFBC}") = "Fast Image Viewer Standalone", "Fast Image Viewer Standalone\Fast Image Viewer Standalone.csproj", "{7EB0186E-384D-4FEB-A707-52F91DEA1910}"
EndProject
Global
	GlobalSection(SolutionConfigurationPlatforms) = preSolution
		Debug|Any CPU = Debug|Any CPU
		Release|Any CPU = Release|Any CPU
	EndGlobalSection
	GlobalSection(ProjectConfigurationPlatforms) = postSolution
		{7EB0186E-384D-4FEB-A707-52F91DEA1910}.Debug|Any CPU.ActiveCfg = Debug|Any CPU
		{7EB0186E-384D-4FEB-A707-52F91DEA1910}.Debug|Any CPU.Build.0 = Debug|Any CPU
		{7EB0186E-384D-4FEB-A707-52F91DEA1910}.Release|Any CPU.ActiveCfg = Release|Any CPU
		{7EB0186E-384D-4FEB-A707-52F91DEA1910}.Release|Any CPU.Build.0 = Release|Any CPU
	EndGlobalSection
	GlobalSection(SolutionProperties) = preSolution
		HideSolutionNode = FALSE
	EndGlobalSection
	GlobalSection(ExtensibilityGlobals) = postSolution
		SolutionGuid = {4748D17A-1873-4D38-BF01-33EED02AC521}
	EndGlobalSection
EndGlobal
