
Microsoft Visual Studio Solution File, Format Version 12.00
# Visual Studio Version 16
VisualStudioVersion = 16.0.29102.190
MinimumVisualStudioVersion = 10.0.40219.1
Project("{9A19103F-16F7-4668-BE54-9A1E7A4F7556}") = "Fast Image Viewer Core", "Fast Image Viewer Standalone\Fast Image Viewer Core.csproj", "{7DBD7222-0CC4-491B-95A3-B801B60F4FB7}"
EndProject
Global
	GlobalSection(SolutionConfigurationPlatforms) = preSolution
		Debug|Any CPU = Debug|Any CPU
		Release|Any CPU = Release|Any CPU
	EndGlobalSection
	GlobalSection(ProjectConfigurationPlatforms) = postSolution
		{7DBD7222-0CC4-491B-95A3-B801B60F4FB7}.Debug|Any CPU.ActiveCfg = Debug|Any CPU
		{7DBD7222-0CC4-491B-95A3-B801B60F4FB7}.Debug|Any CPU.Build.0 = Debug|Any CPU
		{7DBD7222-0CC4-491B-95A3-B801B60F4FB7}.Release|Any CPU.ActiveCfg = Release|Any CPU
		{7DBD7222-0CC4-491B-95A3-B801B60F4FB7}.Release|Any CPU.Build.0 = Release|Any CPU
	EndGlobalSection
	GlobalSection(SolutionProperties) = preSolution
		HideSolutionNode = FALSE
	EndGlobalSection
	GlobalSection(ExtensibilityGlobals) = postSolution
		SolutionGuid = {4748D17A-1873-4D38-BF01-33EED02AC521}
		RESX_PrefixTranslations = False
	EndGlobalSection
EndGlobal
